
Microsoft Visual Studio Solution File, Format Version 12.00
# Visual Studio Version 17
VisualStudioVersion = 17.10.35122.118
MinimumVisualStudioVersion = 10.0.40219.1
Project("{FAE04EC0-301F-11D3-BF4B-00C04F79EFBC}") = "TestTelegramBot", "TestTelegramBot.csproj", "{75C85C46-5678-45CB-AE9D-275A1BD3CB9E}"
EndProject
Global
	GlobalSection(SolutionConfigurationPlatforms) = preSolution
		Debug|Any CPU = Debug|Any CPU
		Release|Any CPU = Release|Any CPU
	EndGlobalSection
	GlobalSection(ProjectConfigurationPlatforms) = postSolution
		{75C85C46-5678-45CB-AE9D-275A1BD3CB9E}.Debug|Any CPU.ActiveCfg = Debug|Any CPU
		{75C85C46-5678-45CB-AE9D-275A1BD3CB9E}.Debug|Any CPU.Build.0 = Debug|Any CPU
		{75C85C46-5678-45CB-AE9D-275A1BD3CB9E}.Release|Any CPU.ActiveCfg = Release|Any CPU
		{75C85C46-5678-45CB-AE9D-275A1BD3CB9E}.Release|Any CPU.Build.0 = Release|Any CPU
	EndGlobalSection
	GlobalSection(SolutionProperties) = preSolution
		HideSolutionNode = FALSE
	EndGlobalSection
	GlobalSection(ExtensibilityGlobals) = postSolution
		SolutionGuid = {BFF056BE-560A-43EE-8018-72D585095E46}
	EndGlobalSection
EndGlobal
